// !$*UTF8*$!
{
	archiveVersion = 1;
	classes = {
	};
	objectVersion = 46;
	objects = {

/* Begin PBXBuildFile section */
		A711DB9016E6AA1000D3DAD0 /* UIKit.framework in Frameworks */ = {isa = PBXBuildFile; fileRef = A711DB8F16E6AA1000D3DAD0 /* UIKit.framework */; };
		A711DB9216E6AA1000D3DAD0 /* Foundation.framework in Frameworks */ = {isa = PBXBuildFile; fileRef = A711DB9116E6AA1000D3DAD0 /* Foundation.framework */; };
		A711DB9416E6AA1000D3DAD0 /* CoreGraphics.framework in Frameworks */ = {isa = PBXBuildFile; fileRef = A711DB9316E6AA1000D3DAD0 /* CoreGraphics.framework */; };
		A711DB9A16E6AA1000D3DAD0 /* InfoPlist.strings in Resources */ = {isa = PBXBuildFile; fileRef = A711DB9816E6AA1000D3DAD0 /* InfoPlist.strings */; };
		A711DB9C16E6AA1000D3DAD0 /* main.m in Sources */ = {isa = PBXBuildFile; fileRef = A711DB9B16E6AA1000D3DAD0 /* main.m */; };
		A711DBA016E6AA1000D3DAD0 /* AppDelegate.m in Sources */ = {isa = PBXBuildFile; fileRef = A711DB9F16E6AA1000D3DAD0 /* AppDelegate.m */; };
		A711DBA216E6AA1000D3DAD0 /* Default.png in Resources */ = {isa = PBXBuildFile; fileRef = A711DBA116E6AA1000D3DAD0 /* Default.png */; };
		A711DBA416E6AA1000D3DAD0 /* Default@2x.png in Resources */ = {isa = PBXBuildFile; fileRef = A711DBA316E6AA1000D3DAD0 /* Default@2x.png */; };
		A711DBA616E6AA1000D3DAD0 /* Default-568h@2x.png in Resources */ = {isa = PBXBuildFile; fileRef = A711DBA516E6AA1000D3DAD0 /* Default-568h@2x.png */; };
		A711DBA916E6AA1000D3DAD0 /* MainStoryboard.storyboard in Resources */ = {isa = PBXBuildFile; fileRef = A711DBA716E6AA1000D3DAD0 /* MainStoryboard.storyboard */; };
		A711DBAC16E6AA1000D3DAD0 /* ViewController.m in Sources */ = {isa = PBXBuildFile; fileRef = A711DBAB16E6AA1000D3DAD0 /* ViewController.m */; };
		A711DBB716E6AD4B00D3DAD0 /* Piece.m in Sources */ = {isa = PBXBuildFile; fileRef = A711DBB616E6AD4B00D3DAD0 /* Piece.m */; };
		A711DBBA16E6B7A600D3DAD0 /* Board.m in Sources */ = {isa = PBXBuildFile; fileRef = A711DBB916E6B7A600D3DAD0 /* Board.m */; };
		A757F7B616EFF681002454AE /* MenuViewController.m in Sources */ = {isa = PBXBuildFile; fileRef = A757F7B516EFF681002454AE /* MenuViewController.m */; };
		A757F7B816EFF6BB002454AE /* View.xib in Resources */ = {isa = PBXBuildFile; fileRef = A757F7B716EFF6BB002454AE /* View.xib */; };
		A757F7BB16EFF962002454AE /* GameViewController.m in Sources */ = {isa = PBXBuildFile; fileRef = A757F7BA16EFF962002454AE /* GameViewController.m */; };
		A757F7BD16EFF973002454AE /* GameView.xib in Resources */ = {isa = PBXBuildFile; fileRef = A757F7BC16EFF973002454AE /* GameView.xib */; };
		A7C4420916EFE2E3003CB485 /* Pawn.m in Sources */ = {isa = PBXBuildFile; fileRef = A7C4420816EFE2E3003CB485 /* Pawn.m */; };
		A7C4420C16EFE460003CB485 /* Tower.m in Sources */ = {isa = PBXBuildFile; fileRef = A7C4420B16EFE460003CB485 /* Tower.m */; };
		A7C4420F16EFE47B003CB485 /* Bishop.m in Sources */ = {isa = PBXBuildFile; fileRef = A7C4420E16EFE47B003CB485 /* Bishop.m */; };
		A7C4421216EFE4BA003CB485 /* Knight.m in Sources */ = {isa = PBXBuildFile; fileRef = A7C4421116EFE4BA003CB485 /* Knight.m */; };
		A7C4421516EFE4C9003CB485 /* Queen.m in Sources */ = {isa = PBXBuildFile; fileRef = A7C4421416EFE4C9003CB485 /* Queen.m */; };
		A7C4421816EFE4D5003CB485 /* King.m in Sources */ = {isa = PBXBuildFile; fileRef = A7C4421716EFE4D5003CB485 /* King.m */; };
/* End PBXBuildFile section */

/* Begin PBXFileReference section */
		A711DB8C16E6AA1000D3DAD0 /* Clase1 VJ2D.app */ = {isa = PBXFileReference; explicitFileType = wrapper.application; includeInIndex = 0; path = "Clase1 VJ2D.app"; sourceTree = BUILT_PRODUCTS_DIR; };
		A711DB8F16E6AA1000D3DAD0 /* UIKit.framework */ = {isa = PBXFileReference; lastKnownFileType = wrapper.framework; name = UIKit.framework; path = System/Library/Frameworks/UIKit.framework; sourceTree = SDKROOT; };
		A711DB9116E6AA1000D3DAD0 /* Foundation.framework */ = {isa = PBXFileReference; lastKnownFileType = wrapper.framework; name = Foundation.framework; path = System/Library/Frameworks/Foundation.framework; sourceTree = SDKROOT; };
		A711DB9316E6AA1000D3DAD0 /* CoreGraphics.framework */ = {isa = PBXFileReference; lastKnownFileType = wrapper.framework; name = CoreGraphics.framework; path = System/Library/Frameworks/CoreGraphics.framework; sourceTree = SDKROOT; };
		A711DB9716E6AA1000D3DAD0 /* Clase1 VJ2D-Info.plist */ = {isa = PBXFileReference; lastKnownFileType = text.plist.xml; path = "Clase1 VJ2D-Info.plist"; sourceTree = "<group>"; };
		A711DB9916E6AA1000D3DAD0 /* en */ = {isa = PBXFileReference; lastKnownFileType = text.plist.strings; name = en; path = en.lproj/InfoPlist.strings; sourceTree = "<group>"; };
		A711DB9B16E6AA1000D3DAD0 /* main.m */ = {isa = PBXFileReference; lastKnownFileType = sourcecode.c.objc; path = main.m; sourceTree = "<group>"; };
		A711DB9D16E6AA1000D3DAD0 /* Clase1 VJ2D-Prefix.pch */ = {isa = PBXFileReference; lastKnownFileType = sourcecode.c.h; path = "Clase1 VJ2D-Prefix.pch"; sourceTree = "<group>"; };
		A711DB9E16E6AA1000D3DAD0 /* AppDelegate.h */ = {isa = PBXFileReference; lastKnownFileType = sourcecode.c.h; path = AppDelegate.h; sourceTree = "<group>"; };
		A711DB9F16E6AA1000D3DAD0 /* AppDelegate.m */ = {isa = PBXFileReference; lastKnownFileType = sourcecode.c.objc; path = AppDelegate.m; sourceTree = "<group>"; };
		A711DBA116E6AA1000D3DAD0 /* Default.png */ = {isa = PBXFileReference; lastKnownFileType = image.png; path = Default.png; sourceTree = "<group>"; };
		A711DBA316E6AA1000D3DAD0 /* Default@2x.png */ = {isa = PBXFileReference; lastKnownFileType = image.png; path = "Default@2x.png"; sourceTree = "<group>"; };
		A711DBA516E6AA1000D3DAD0 /* Default-568h@2x.png */ = {isa = PBXFileReference; lastKnownFileType = image.png; path = "Default-568h@2x.png"; sourceTree = "<group>"; };
		A711DBA816E6AA1000D3DAD0 /* en */ = {isa = PBXFileReference; lastKnownFileType = file.storyboard; name = en; path = en.lproj/MainStoryboard.storyboard; sourceTree = "<group>"; };
		A711DBAA16E6AA1000D3DAD0 /* ViewController.h */ = {isa = PBXFileReference; lastKnownFileType = sourcecode.c.h; path = ViewController.h; sourceTree = "<group>"; };
		A711DBAB16E6AA1000D3DAD0 /* ViewController.m */ = {isa = PBXFileReference; lastKnownFileType = sourcecode.c.objc; path = ViewController.m; sourceTree = "<group>"; };
		A711DBB516E6AD4B00D3DAD0 /* Piece.h */ = {isa = PBXFileReference; fileEncoding = 4; lastKnownFileType = sourcecode.c.h; path = Piece.h; sourceTree = "<group>"; };
		A711DBB616E6AD4B00D3DAD0 /* Piece.m */ = {isa = PBXFileReference; fileEncoding = 4; lastKnownFileType = sourcecode.c.objc; path = Piece.m; sourceTree = "<group>"; };
		A711DBB816E6B7A600D3DAD0 /* Board.h */ = {isa = PBXFileReference; fileEncoding = 4; lastKnownFileType = sourcecode.c.h; path = Board.h; sourceTree = "<group>"; };
		A711DBB916E6B7A600D3DAD0 /* Board.m */ = {isa = PBXFileReference; fileEncoding = 4; lastKnownFileType = sourcecode.c.objc; path = Board.m; sourceTree = "<group>"; };
		A757F7B416EFF681002454AE /* MenuViewController.h */ = {isa = PBXFileReference; fileEncoding = 4; lastKnownFileType = sourcecode.c.h; path = MenuViewController.h; sourceTree = "<group>"; };
		A757F7B516EFF681002454AE /* MenuViewController.m */ = {isa = PBXFileReference; fileEncoding = 4; lastKnownFileType = sourcecode.c.objc; path = MenuViewController.m; sourceTree = "<group>"; };
		A757F7B716EFF6BB002454AE /* View.xib */ = {isa = PBXFileReference; fileEncoding = 4; lastKnownFileType = file.xib; path = View.xib; sourceTree = "<group>"; };
		A757F7B916EFF962002454AE /* GameViewController.h */ = {isa = PBXFileReference; fileEncoding = 4; lastKnownFileType = sourcecode.c.h; path = GameViewController.h; sourceTree = "<group>"; };
		A757F7BA16EFF962002454AE /* GameViewController.m */ = {isa = PBXFileReference; fileEncoding = 4; lastKnownFileType = sourcecode.c.objc; path = GameViewController.m; sourceTree = "<group>"; };
		A757F7BC16EFF973002454AE /* GameView.xib */ = {isa = PBXFileReference; fileEncoding = 4; lastKnownFileType = file.xib; path = GameView.xib; sourceTree = "<group>"; };
		A7C4420716EFE2E3003CB485 /* Pawn.h */ = {isa = PBXFileReference; fileEncoding = 4; lastKnownFileType = sourcecode.c.h; path = Pawn.h; sourceTree = "<group>"; };
		A7C4420816EFE2E3003CB485 /* Pawn.m */ = {isa = PBXFileReference; fileEncoding = 4; lastKnownFileType = sourcecode.c.objc; path = Pawn.m; sourceTree = "<group>"; };
		A7C4420A16EFE460003CB485 /* Tower.h */ = {isa = PBXFileReference; fileEncoding = 4; lastKnownFileType = sourcecode.c.h; path = Tower.h; sourceTree = "<group>"; };
		A7C4420B16EFE460003CB485 /* Tower.m */ = {isa = PBXFileReference; fileEncoding = 4; lastKnownFileType = sourcecode.c.objc; path = Tower.m; sourceTree = "<group>"; };
		A7C4420D16EFE47B003CB485 /* Bishop.h */ = {isa = PBXFileReference; fileEncoding = 4; lastKnownFileType = sourcecode.c.h; path = Bishop.h; sourceTree = "<group>"; };
		A7C4420E16EFE47B003CB485 /* Bishop.m */ = {isa = PBXFileReference; fileEncoding = 4; lastKnownFileType = sourcecode.c.objc; path = Bishop.m; sourceTree = "<group>"; };
		A7C4421016EFE4BA003CB485 /* Knight.h */ = {isa = PBXFileReference; fileEncoding = 4; lastKnownFileType = sourcecode.c.h; path = Knight.h; sourceTree = "<group>"; };
		A7C4421116EFE4BA003CB485 /* Knight.m */ = {isa = PBXFileReference; fileEncoding = 4; lastKnownFileType = sourcecode.c.objc; path = Knight.m; sourceTree = "<group>"; };
		A7C4421316EFE4C9003CB485 /* Queen.h */ = {isa = PBXFileReference; fileEncoding = 4; lastKnownFileType = sourcecode.c.h; path = Queen.h; sourceTree = "<group>"; };
		A7C4421416EFE4C9003CB485 /* Queen.m */ = {isa = PBXFileReference; fileEncoding = 4; lastKnownFileType = sourcecode.c.objc; path = Queen.m; sourceTree = "<group>"; };
		A7C4421616EFE4D5003CB485 /* King.h */ = {isa = PBXFileReference; fileEncoding = 4; lastKnownFileType = sourcecode.c.h; path = King.h; sourceTree = "<group>"; };
		A7C4421716EFE4D5003CB485 /* King.m */ = {isa = PBXFileReference; fileEncoding = 4; lastKnownFileType = sourcecode.c.objc; path = King.m; sourceTree = "<group>"; };
/* End PBXFileReference section */

/* Begin PBXFrameworksBuildPhase section */
		A711DB8916E6AA1000D3DAD0 /* Frameworks */ = {
			isa = PBXFrameworksBuildPhase;
			buildActionMask = 2147483647;
			files = (
				A711DB9016E6AA1000D3DAD0 /* UIKit.framework in Frameworks */,
				A711DB9216E6AA1000D3DAD0 /* Foundation.framework in Frameworks */,
				A711DB9416E6AA1000D3DAD0 /* CoreGraphics.framework in Frameworks */,
			);
			runOnlyForDeploymentPostprocessing = 0;
		};
/* End PBXFrameworksBuildPhase section */

/* Begin PBXGroup section */
		A711DB8316E6AA1000D3DAD0 = {
			isa = PBXGroup;
			children = (
				A711DB9516E6AA1000D3DAD0 /* Clase1 VJ2D */,
				A711DB8E16E6AA1000D3DAD0 /* Frameworks */,
				A711DB8D16E6AA1000D3DAD0 /* Products */,
			);
			sourceTree = "<group>";
		};
		A711DB8D16E6AA1000D3DAD0 /* Products */ = {
			isa = PBXGroup;
			children = (
				A711DB8C16E6AA1000D3DAD0 /* Clase1 VJ2D.app */,
			);
			name = Products;
			sourceTree = "<group>";
		};
		A711DB8E16E6AA1000D3DAD0 /* Frameworks */ = {
			isa = PBXGroup;
			children = (
				A711DB8F16E6AA1000D3DAD0 /* UIKit.framework */,
				A711DB9116E6AA1000D3DAD0 /* Foundation.framework */,
				A711DB9316E6AA1000D3DAD0 /* CoreGraphics.framework */,
			);
			name = Frameworks;
			sourceTree = "<group>";
		};
		A711DB9516E6AA1000D3DAD0 /* Clase1 VJ2D */ = {
			isa = PBXGroup;
			children = (
				A757F7BE16EFF99E002454AE /* resources */,
				A711DB9E16E6AA1000D3DAD0 /* AppDelegate.h */,
				A711DB9F16E6AA1000D3DAD0 /* AppDelegate.m */,
				A711DBA716E6AA1000D3DAD0 /* MainStoryboard.storyboard */,
				A711DBAA16E6AA1000D3DAD0 /* ViewController.h */,
				A711DBAB16E6AA1000D3DAD0 /* ViewController.m */,
				A711DB9616E6AA1000D3DAD0 /* Supporting Files */,
				A711DBB516E6AD4B00D3DAD0 /* Piece.h */,
				A711DBB616E6AD4B00D3DAD0 /* Piece.m */,
				A7C4420716EFE2E3003CB485 /* Pawn.h */,
				A7C4420816EFE2E3003CB485 /* Pawn.m */,
				A757F7B416EFF681002454AE /* MenuViewController.h */,
				A757F7B516EFF681002454AE /* MenuViewController.m */,
				A757F7B716EFF6BB002454AE /* View.xib */,
				A757F7B916EFF962002454AE /* GameViewController.h */,
				A757F7BA16EFF962002454AE /* GameViewController.m */,
				A757F7BC16EFF973002454AE /* GameView.xib */,
				A711DBB816E6B7A600D3DAD0 /* Board.h */,
				A711DBB916E6B7A600D3DAD0 /* Board.m */,
				A7C4420A16EFE460003CB485 /* Tower.h */,
				A7C4420B16EFE460003CB485 /* Tower.m */,
				A7C4420D16EFE47B003CB485 /* Bishop.h */,
				A7C4420E16EFE47B003CB485 /* Bishop.m */,
				A7C4421016EFE4BA003CB485 /* Knight.h */,
				A7C4421116EFE4BA003CB485 /* Knight.m */,
				A7C4421316EFE4C9003CB485 /* Queen.h */,
				A7C4421416EFE4C9003CB485 /* Queen.m */,
				A7C4421616EFE4D5003CB485 /* King.h */,
				A7C4421716EFE4D5003CB485 /* King.m */,
			);
			path = "Clase1 VJ2D";
			sourceTree = "<group>";
		};
		A711DB9616E6AA1000D3DAD0 /* Supporting Files */ = {
			isa = PBXGroup;
			children = (
				A711DB9716E6AA1000D3DAD0 /* Clase1 VJ2D-Info.plist */,
				A711DB9816E6AA1000D3DAD0 /* InfoPlist.strings */,
				A711DB9B16E6AA1000D3DAD0 /* main.m */,
				A711DB9D16E6AA1000D3DAD0 /* Clase1 VJ2D-Prefix.pch */,
				A711DBA116E6AA1000D3DAD0 /* Default.png */,
				A711DBA316E6AA1000D3DAD0 /* Default@2x.png */,
				A711DBA516E6AA1000D3DAD0 /* Default-568h@2x.png */,
			);
			name = "Supporting Files";
			sourceTree = "<group>";
		};
		A757F7BE16EFF99E002454AE /* resources */ = {
			isa = PBXGroup;
			children = (
			);
			name = resources;
			sourceTree = "<group>";
		};
/* End PBXGroup section */

/* Begin PBXNativeTarget section */
		A711DB8B16E6AA1000D3DAD0 /* Clase1 VJ2D */ = {
			isa = PBXNativeTarget;
			buildConfigurationList = A711DBAF16E6AA1000D3DAD0 /* Build configuration list for PBXNativeTarget "Clase1 VJ2D" */;
			buildPhases = (
				A711DB8816E6AA1000D3DAD0 /* Sources */,
				A711DB8916E6AA1000D3DAD0 /* Frameworks */,
				A711DB8A16E6AA1000D3DAD0 /* Resources */,
			);
			buildRules = (
			);
			dependencies = (
			);
			name = "Clase1 VJ2D";
			productName = "Clase1 VJ2D";
			productReference = A711DB8C16E6AA1000D3DAD0 /* Clase1 VJ2D.app */;
			productType = "com.apple.product-type.application";
		};
/* End PBXNativeTarget section */

/* Begin PBXProject section */
		A711DB8416E6AA1000D3DAD0 /* Project object */ = {
			isa = PBXProject;
			attributes = {
				LastUpgradeCheck = 0460;
				ORGANIZATIONNAME = "Nico Magni";
			};
			buildConfigurationList = A711DB8716E6AA1000D3DAD0 /* Build configuration list for PBXProject "Clase1 VJ2D" */;
			compatibilityVersion = "Xcode 3.2";
			developmentRegion = English;
			hasScannedForEncodings = 0;
			knownRegions = (
				en,
			);
			mainGroup = A711DB8316E6AA1000D3DAD0;
			productRefGroup = A711DB8D16E6AA1000D3DAD0 /* Products */;
			projectDirPath = "";
			projectRoot = "";
			targets = (
				A711DB8B16E6AA1000D3DAD0 /* Clase1 VJ2D */,
			);
		};
/* End PBXProject section */

/* Begin PBXResourcesBuildPhase section */
		A711DB8A16E6AA1000D3DAD0 /* Resources */ = {
			isa = PBXResourcesBuildPhase;
			buildActionMask = 2147483647;
			files = (
				A711DB9A16E6AA1000D3DAD0 /* InfoPlist.strings in Resources */,
				A711DBA216E6AA1000D3DAD0 /* Default.png in Resources */,
				A711DBA416E6AA1000D3DAD0 /* Default@2x.png in Resources */,
				A711DBA616E6AA1000D3DAD0 /* Default-568h@2x.png in Resources */,
				A711DBA916E6AA1000D3DAD0 /* MainStoryboard.storyboard in Resources */,
				A757F7B816EFF6BB002454AE /* View.xib in Resources */,
				A757F7BD16EFF973002454AE /* GameView.xib in Resources */,
			);
			runOnlyForDeploymentPostprocessing = 0;
		};
/* End PBXResourcesBuildPhase section */

/* Begin PBXSourcesBuildPhase section */
		A711DB8816E6AA1000D3DAD0 /* Sources */ = {
			isa = PBXSourcesBuildPhase;
			buildActionMask = 2147483647;
			files = (
				A711DB9C16E6AA1000D3DAD0 /* main.m in Sources */,
				A711DBA016E6AA1000D3DAD0 /* AppDelegate.m in Sources */,
				A711DBAC16E6AA1000D3DAD0 /* ViewController.m in Sources */,
				A711DBB716E6AD4B00D3DAD0 /* Piece.m in Sources */,
				A711DBBA16E6B7A600D3DAD0 /* Board.m in Sources */,
				A7C4420916EFE2E3003CB485 /* Pawn.m in Sources */,
				A7C4420C16EFE460003CB485 /* Tower.m in Sources */,
				A7C4420F16EFE47B003CB485 /* Bishop.m in Sources */,
				A7C4421216EFE4BA003CB485 /* Knight.m in Sources */,
				A7C4421516EFE4C9003CB485 /* Queen.m in Sources */,
				A7C4421816EFE4D5003CB485 /* King.m in Sources */,
				A757F7B616EFF681002454AE /* MenuViewController.m in Sources */,
				A757F7BB16EFF962002454AE /* GameViewController.m in Sources */,
			);
			runOnlyForDeploymentPostprocessing = 0;
		};
/* End PBXSourcesBuildPhase section */

/* Begin PBXVariantGroup section */
		A711DB9816E6AA1000D3DAD0 /* InfoPlist.strings */ = {
			isa = PBXVariantGroup;
			children = (
				A711DB9916E6AA1000D3DAD0 /* en */,
			);
			name = InfoPlist.strings;
			sourceTree = "<group>";
		};
		A711DBA716E6AA1000D3DAD0 /* MainStoryboard.storyboard */ = {
			isa = PBXVariantGroup;
			children = (
				A711DBA816E6AA1000D3DAD0 /* en */,
			);
			name = MainStoryboard.storyboard;
			sourceTree = "<group>";
		};
/* End PBXVariantGroup section */

/* Begin XCBuildConfiguration section */
		A711DBAD16E6AA1000D3DAD0 /* Debug */ = {
			isa = XCBuildConfiguration;
			buildSettings = {
				ALWAYS_SEARCH_USER_PATHS = NO;
				CLANG_CXX_LANGUAGE_STANDARD = "gnu++0x";
				CLANG_CXX_LIBRARY = "libc++";
				CLANG_ENABLE_OBJC_ARC = YES;
				CLANG_WARN_CONSTANT_CONVERSION = YES;
				CLANG_WARN_EMPTY_BODY = YES;
				CLANG_WARN_ENUM_CONVERSION = YES;
				CLANG_WARN_INT_CONVERSION = YES;
				CLANG_WARN__DUPLICATE_METHOD_MATCH = YES;
				"CODE_SIGN_IDENTITY[sdk=iphoneos*]" = "iPhone Developer";
				COPY_PHASE_STRIP = NO;
				GCC_C_LANGUAGE_STANDARD = gnu99;
				GCC_DYNAMIC_NO_PIC = NO;
				GCC_OPTIMIZATION_LEVEL = 0;
				GCC_PREPROCESSOR_DEFINITIONS = (
					"DEBUG=1",
					"$(inherited)",
				);
				GCC_SYMBOLS_PRIVATE_EXTERN = NO;
				GCC_WARN_ABOUT_RETURN_TYPE = YES;
				GCC_WARN_UNINITIALIZED_AUTOS = YES;
				GCC_WARN_UNUSED_VARIABLE = YES;
				IPHONEOS_DEPLOYMENT_TARGET = 6.1;
				ONLY_ACTIVE_ARCH = YES;
				SDKROOT = iphoneos;
			};
			name = Debug;
		};
		A711DBAE16E6AA1000D3DAD0 /* Release */ = {
			isa = XCBuildConfiguration;
			buildSettings = {
				ALWAYS_SEARCH_USER_PATHS = NO;
				CLANG_CXX_LANGUAGE_STANDARD = "gnu++0x";
				CLANG_CXX_LIBRARY = "libc++";
				CLANG_ENABLE_OBJC_ARC = YES;
				CLANG_WARN_CONSTANT_CONVERSION = YES;
				CLANG_WARN_EMPTY_BODY = YES;
				CLANG_WARN_ENUM_CONVERSION = YES;
				CLANG_WARN_INT_CONVERSION = YES;
				CLANG_WARN__DUPLICATE_METHOD_MATCH = YES;
				"CODE_SIGN_IDENTITY[sdk=iphoneos*]" = "iPhone Developer";
				COPY_PHASE_STRIP = YES;
				GCC_C_LANGUAGE_STANDARD = gnu99;
				GCC_WARN_ABOUT_RETURN_TYPE = YES;
				GCC_WARN_UNINITIALIZED_AUTOS = YES;
				GCC_WARN_UNUSED_VARIABLE = YES;
				IPHONEOS_DEPLOYMENT_TARGET = 6.1;
				OTHER_CFLAGS = "-DNS_BLOCK_ASSERTIONS=1";
				SDKROOT = iphoneos;
				VALIDATE_PRODUCT = YES;
			};
			name = Release;
		};
		A711DBB016E6AA1000D3DAD0 /* Debug */ = {
			isa = XCBuildConfiguration;
			buildSettings = {
				GCC_PRECOMPILE_PREFIX_HEADER = YES;
				GCC_PREFIX_HEADER = "Clase1 VJ2D/Clase1 VJ2D-Prefix.pch";
				INFOPLIST_FILE = "Clase1 VJ2D/Clase1 VJ2D-Info.plist";
				PRODUCT_NAME = "$(TARGET_NAME)";
				WRAPPER_EXTENSION = app;
			};
			name = Debug;
		};
		A711DBB116E6AA1000D3DAD0 /* Release */ = {
			isa = XCBuildConfiguration;
			buildSettings = {
				GCC_PRECOMPILE_PREFIX_HEADER = YES;
				GCC_PREFIX_HEADER = "Clase1 VJ2D/Clase1 VJ2D-Prefix.pch";
				INFOPLIST_FILE = "Clase1 VJ2D/Clase1 VJ2D-Info.plist";
				PRODUCT_NAME = "$(TARGET_NAME)";
				WRAPPER_EXTENSION = app;
			};
			name = Release;
		};
/* End XCBuildConfiguration section */

/* Begin XCConfigurationList section */
		A711DB8716E6AA1000D3DAD0 /* Build configuration list for PBXProject "Clase1 VJ2D" */ = {
			isa = XCConfigurationList;
			buildConfigurations = (
				A711DBAD16E6AA1000D3DAD0 /* Debug */,
				A711DBAE16E6AA1000D3DAD0 /* Release */,
			);
			defaultConfigurationIsVisible = 0;
			defaultConfigurationName = Release;
		};
		A711DBAF16E6AA1000D3DAD0 /* Build configuration list for PBXNativeTarget "Clase1 VJ2D" */ = {
			isa = XCConfigurationList;
			buildConfigurations = (
				A711DBB016E6AA1000D3DAD0 /* Debug */,
				A711DBB116E6AA1000D3DAD0 /* Release */,
			);
			defaultConfigurationIsVisible = 0;
			defaultConfigurationName = Release;
		};
/* End XCConfigurationList section */
	};
	rootObject = A711DB8416E6AA1000D3DAD0 /* Project object */;
}
